
Microsoft Visual Studio Solution File, Format Version 12.00
# Visual Studio Version 17
VisualStudioVersion = 17.6.33723.286
MinimumVisualStudioVersion = 10.0.40219.1
Project("{FAE04EC0-301F-11D3-BF4B-00C04F79EFBC}") = "DenemeProjem", "DenemeProjem\DenemeProjem.csproj", "{DA95142A-190C-4826-9EFE-60D3C662FF09}"
EndProject
Global
	GlobalSection(SolutionConfigurationPlatforms) = preSolution
		Debug|Any CPU = Debug|Any CPU
		Release|Any CPU = Release|Any CPU
	EndGlobalSection
	GlobalSection(ProjectConfigurationPlatforms) = postSolution
		{DA95142A-190C-4826-9EFE-60D3C662FF09}.Debug|Any CPU.ActiveCfg = Debug|Any CPU
		{DA95142A-190C-4826-9EFE-60D3C662FF09}.Debug|Any CPU.Build.0 = Debug|Any CPU
		{DA95142A-190C-4826-9EFE-60D3C662FF09}.Release|Any CPU.ActiveCfg = Release|Any CPU
		{DA95142A-190C-4826-9EFE-60D3C662FF09}.Release|Any CPU.Build.0 = Release|Any CPU
	EndGlobalSection
	GlobalSection(SolutionProperties) = preSolution
		HideSolutionNode = FALSE
	EndGlobalSection
	GlobalSection(ExtensibilityGlobals) = postSolution
		SolutionGuid = {E0C4B59D-3DAE-45D1-B257-70548BE32408}
	EndGlobalSection
EndGlobal
